// !$*UTF8*$!
{
	archiveVersion = 1;
	classes = {
	};
	objectVersion = 46;
	objects = {

/* Begin PBXBuildFile section */
		48A7476B44A4A7FBD337FF65 /* Pods_34095.framework in Frameworks */ = {isa = PBXBuildFile; fileRef = 2ED5FE59926A6B8418A20D7D /* Pods_34095.framework */; };
		82595BAD1FC906D100AE9824 /* AppDelegate.swift in Sources */ = {isa = PBXBuildFile; fileRef = 82595BAC1FC906D100AE9824 /* AppDelegate.swift */; };
		82595BB21FC906D100AE9824 /* Main.storyboard in Resources */ = {isa = PBXBuildFile; fileRef = 82595BB01FC906D100AE9824 /* Main.storyboard */; };
		82595BB41FC906D100AE9824 /* Assets.xcassets in Resources */ = {isa = PBXBuildFile; fileRef = 82595BB31FC906D100AE9824 /* Assets.xcassets */; };
		82595BB71FC906D100AE9824 /* LaunchScreen.storyboard in Resources */ = {isa = PBXBuildFile; fileRef = 82595BB51FC906D100AE9824 /* LaunchScreen.storyboard */; };
		826691311FD79FF600042522 /* BeersTableViewController.swift in Sources */ = {isa = PBXBuildFile; fileRef = 826691301FD79FF600042522 /* BeersTableViewController.swift */; };
		8289E0DA1FD78F7400600E77 /* PunkAPI.swift in Sources */ = {isa = PBXBuildFile; fileRef = 8289E0D91FD78F7400600E77 /* PunkAPI.swift */; };
		8289E0DC1FD7923F00600E77 /* BeerViewController.swift in Sources */ = {isa = PBXBuildFile; fileRef = 8289E0DB1FD7923F00600E77 /* BeerViewController.swift */; };
		8289E0E01FD7934500600E77 /* BeerTableViewCell.swift in Sources */ = {isa = PBXBuildFile; fileRef = 8289E0DF1FD7934500600E77 /* BeerTableViewCell.swift */; };
		846CFB8C1FDB897E00F97853 /* Beer.swift in Sources */ = {isa = PBXBuildFile; fileRef = 846CFB8B1FDB897E00F97853 /* Beer.swift */; };
		84AAF25B1FDB9CEC0069B9B3 /* loader.gif in Resources */ = {isa = PBXBuildFile; fileRef = 84AAF2551FDB9CEC0069B9B3 /* loader.gif */; };
/* End PBXBuildFile section */

/* Begin PBXContainerItemProxy section */
		846CFB871FDB87AB00F97853 /* PBXContainerItemProxy */ = {
			isa = PBXContainerItemProxy;
			containerPortal = 846CFB6F1FDB87AB00F97853 /* Pods.xcodeproj */;
			proxyType = 2;
			remoteGlobalIDString = D330870ADC3EACB29EF1D60F732F7F61;
			remoteInfo = Kingfisher;
		};
		846CFB891FDB87AB00F97853 /* PBXContainerItemProxy */ = {
			isa = PBXContainerItemProxy;
			containerPortal = 846CFB6F1FDB87AB00F97853 /* Pods.xcodeproj */;
			proxyType = 2;
			remoteGlobalIDString = 311E3246006953ED6D80E46AEE7F62DC;
			remoteInfo = "Pods-34095";
		};
		84AAF2591FDB9CEC0069B9B3 /* PBXContainerItemProxy */ = {
			isa = PBXContainerItemProxy;
			containerPortal = 846CFB6F1FDB87AB00F97853 /* Pods.xcodeproj */;
			proxyType = 2;
			remoteGlobalIDString = 8A1C9281C016CA9BF94A07CA10EAE0DF;
			remoteInfo = SwiftGifOrigin;
		};
/* End PBXContainerItemProxy section */

/* Begin PBXFileReference section */
		2ED5FE59926A6B8418A20D7D /* Pods_34095.framework */ = {isa = PBXFileReference; explicitFileType = wrapper.framework; includeInIndex = 0; path = Pods_34095.framework; sourceTree = BUILT_PRODUCTS_DIR; };
		82595BA91FC906D100AE9824 /* 34095.app */ = {isa = PBXFileReference; explicitFileType = wrapper.application; includeInIndex = 0; path = 34095.app; sourceTree = BUILT_PRODUCTS_DIR; };
		82595BAC1FC906D100AE9824 /* AppDelegate.swift */ = {isa = PBXFileReference; lastKnownFileType = sourcecode.swift; path = AppDelegate.swift; sourceTree = "<group>"; };
		82595BB11FC906D100AE9824 /* Base */ = {isa = PBXFileReference; lastKnownFileType = file.storyboard; name = Base; path = Base.lproj/Main.storyboard; sourceTree = "<group>"; };
		82595BB31FC906D100AE9824 /* Assets.xcassets */ = {isa = PBXFileReference; lastKnownFileType = folder.assetcatalog; path = Assets.xcassets; sourceTree = "<group>"; };
		82595BB61FC906D100AE9824 /* Base */ = {isa = PBXFileReference; lastKnownFileType = file.storyboard; name = Base; path = Base.lproj/LaunchScreen.storyboard; sourceTree = "<group>"; };
		82595BB81FC906D100AE9824 /* Info.plist */ = {isa = PBXFileReference; lastKnownFileType = text.plist.xml; path = Info.plist; sourceTree = "<group>"; };
		826691301FD79FF600042522 /* BeersTableViewController.swift */ = {isa = PBXFileReference; fileEncoding = 4; lastKnownFileType = sourcecode.swift; path = BeersTableViewController.swift; sourceTree = "<group>"; };
		8289E0D91FD78F7400600E77 /* PunkAPI.swift */ = {isa = PBXFileReference; fileEncoding = 4; lastKnownFileType = sourcecode.swift; path = PunkAPI.swift; sourceTree = "<group>"; };
		8289E0DB1FD7923F00600E77 /* BeerViewController.swift */ = {isa = PBXFileReference; fileEncoding = 4; lastKnownFileType = sourcecode.swift; path = BeerViewController.swift; sourceTree = "<group>"; };
		8289E0DF1FD7934500600E77 /* BeerTableViewCell.swift */ = {isa = PBXFileReference; fileEncoding = 4; lastKnownFileType = sourcecode.swift; path = BeerTableViewCell.swift; sourceTree = "<group>"; };
		846CFB531FDB87AB00F97853 /* LICENSE */ = {isa = PBXFileReference; lastKnownFileType = text; path = LICENSE; sourceTree = "<group>"; };
		846CFB541FDB87AB00F97853 /* README.md */ = {isa = PBXFileReference; lastKnownFileType = net.daringfireball.markdown; path = README.md; sourceTree = "<group>"; };
		846CFB561FDB87AB00F97853 /* AnimatedImageView.swift */ = {isa = PBXFileReference; lastKnownFileType = sourcecode.swift; path = AnimatedImageView.swift; sourceTree = "<group>"; };
		846CFB571FDB87AB00F97853 /* Box.swift */ = {isa = PBXFileReference; lastKnownFileType = sourcecode.swift; path = Box.swift; sourceTree = "<group>"; };
		846CFB581FDB87AB00F97853 /* CacheSerializer.swift */ = {isa = PBXFileReference; lastKnownFileType = sourcecode.swift; path = CacheSerializer.swift; sourceTree = "<group>"; };
		846CFB591FDB87AB00F97853 /* Filter.swift */ = {isa = PBXFileReference; lastKnownFileType = sourcecode.swift; path = Filter.swift; sourceTree = "<group>"; };
		846CFB5A1FDB87AB00F97853 /* FormatIndicatedCacheSerializer.swift */ = {isa = PBXFileReference; lastKnownFileType = sourcecode.swift; path = FormatIndicatedCacheSerializer.swift; sourceTree = "<group>"; };
		846CFB5B1FDB87AB00F97853 /* Image.swift */ = {isa = PBXFileReference; lastKnownFileType = sourcecode.swift; path = Image.swift; sourceTree = "<group>"; };
		846CFB5C1FDB87AB00F97853 /* ImageCache.swift */ = {isa = PBXFileReference; lastKnownFileType = sourcecode.swift; path = ImageCache.swift; sourceTree = "<group>"; };
		846CFB5D1FDB87AB00F97853 /* ImageDownloader.swift */ = {isa = PBXFileReference; lastKnownFileType = sourcecode.swift; path = ImageDownloader.swift; sourceTree = "<group>"; };
		846CFB5E1FDB87AB00F97853 /* ImagePrefetcher.swift */ = {isa = PBXFileReference; lastKnownFileType = sourcecode.swift; path = ImagePrefetcher.swift; sourceTree = "<group>"; };
		846CFB5F1FDB87AB00F97853 /* ImageProcessor.swift */ = {isa = PBXFileReference; lastKnownFileType = sourcecode.swift; path = ImageProcessor.swift; sourceTree = "<group>"; };
		846CFB601FDB87AB00F97853 /* ImageTransition.swift */ = {isa = PBXFileReference; lastKnownFileType = sourcecode.swift; path = ImageTransition.swift; sourceTree = "<group>"; };
		846CFB611FDB87AB00F97853 /* ImageView+Kingfisher.swift */ = {isa = PBXFileReference; lastKnownFileType = sourcecode.swift; path = "ImageView+Kingfisher.swift"; sourceTree = "<group>"; };
		846CFB621FDB87AB00F97853 /* Indicator.swift */ = {isa = PBXFileReference; lastKnownFileType = sourcecode.swift; path = Indicator.swift; sourceTree = "<group>"; };
		846CFB631FDB87AB00F97853 /* Kingfisher.h */ = {isa = PBXFileReference; lastKnownFileType = sourcecode.c.h; path = Kingfisher.h; sourceTree = "<group>"; };
		846CFB641FDB87AB00F97853 /* Kingfisher.swift */ = {isa = PBXFileReference; lastKnownFileType = sourcecode.swift; path = Kingfisher.swift; sourceTree = "<group>"; };
		846CFB651FDB87AB00F97853 /* KingfisherManager.swift */ = {isa = PBXFileReference; lastKnownFileType = sourcecode.swift; path = KingfisherManager.swift; sourceTree = "<group>"; };
		846CFB661FDB87AB00F97853 /* KingfisherOptionsInfo.swift */ = {isa = PBXFileReference; lastKnownFileType = sourcecode.swift; path = KingfisherOptionsInfo.swift; sourceTree = "<group>"; };
		846CFB671FDB87AB00F97853 /* Placeholder.swift */ = {isa = PBXFileReference; lastKnownFileType = sourcecode.swift; path = Placeholder.swift; sourceTree = "<group>"; };
		846CFB681FDB87AB00F97853 /* RequestModifier.swift */ = {isa = PBXFileReference; lastKnownFileType = sourcecode.swift; path = RequestModifier.swift; sourceTree = "<group>"; };
		846CFB691FDB87AB00F97853 /* Resource.swift */ = {isa = PBXFileReference; lastKnownFileType = sourcecode.swift; path = Resource.swift; sourceTree = "<group>"; };
		846CFB6A1FDB87AB00F97853 /* String+MD5.swift */ = {isa = PBXFileReference; lastKnownFileType = sourcecode.swift; path = "String+MD5.swift"; sourceTree = "<group>"; };
		846CFB6B1FDB87AB00F97853 /* ThreadHelper.swift */ = {isa = PBXFileReference; lastKnownFileType = sourcecode.swift; path = ThreadHelper.swift; sourceTree = "<group>"; };
		846CFB6C1FDB87AB00F97853 /* UIButton+Kingfisher.swift */ = {isa = PBXFileReference; lastKnownFileType = sourcecode.swift; path = "UIButton+Kingfisher.swift"; sourceTree = "<group>"; };
		846CFB6E1FDB87AB00F97853 /* Manifest.lock */ = {isa = PBXFileReference; lastKnownFileType = text; path = Manifest.lock; sourceTree = "<group>"; };
		846CFB6F1FDB87AB00F97853 /* Pods.xcodeproj */ = {isa = PBXFileReference; lastKnownFileType = "wrapper.pb-project"; path = Pods.xcodeproj; sourceTree = "<group>"; };
		846CFB741FDB87AB00F97853 /* Info.plist */ = {isa = PBXFileReference; lastKnownFileType = text.plist.xml; path = Info.plist; sourceTree = "<group>"; };
		846CFB751FDB87AB00F97853 /* Kingfisher-dummy.m */ = {isa = PBXFileReference; lastKnownFileType = sourcecode.c.objc; path = "Kingfisher-dummy.m"; sourceTree = "<group>"; };
		846CFB761FDB87AB00F97853 /* Kingfisher-prefix.pch */ = {isa = PBXFileReference; lastKnownFileType = sourcecode.c.h; path = "Kingfisher-prefix.pch"; sourceTree = "<group>"; };
		846CFB771FDB87AB00F97853 /* Kingfisher-umbrella.h */ = {isa = PBXFileReference; lastKnownFileType = sourcecode.c.h; path = "Kingfisher-umbrella.h"; sourceTree = "<group>"; };
		846CFB781FDB87AB00F97853 /* Kingfisher.modulemap */ = {isa = PBXFileReference; lastKnownFileType = "sourcecode.module-map"; path = Kingfisher.modulemap; sourceTree = "<group>"; };
		846CFB791FDB87AB00F97853 /* Kingfisher.xcconfig */ = {isa = PBXFileReference; lastKnownFileType = text.xcconfig; path = Kingfisher.xcconfig; sourceTree = "<group>"; };
		846CFB7B1FDB87AB00F97853 /* Info.plist */ = {isa = PBXFileReference; lastKnownFileType = text.plist.xml; path = Info.plist; sourceTree = "<group>"; };
		846CFB7C1FDB87AB00F97853 /* Pods-34095-acknowledgements.markdown */ = {isa = PBXFileReference; lastKnownFileType = net.daringfireball.markdown; path = "Pods-34095-acknowledgements.markdown"; sourceTree = "<group>"; };
		846CFB7D1FDB87AB00F97853 /* Pods-34095-acknowledgements.plist */ = {isa = PBXFileReference; lastKnownFileType = text.plist.xml; path = "Pods-34095-acknowledgements.plist"; sourceTree = "<group>"; };
		846CFB7E1FDB87AB00F97853 /* Pods-34095-dummy.m */ = {isa = PBXFileReference; lastKnownFileType = sourcecode.c.objc; path = "Pods-34095-dummy.m"; sourceTree = "<group>"; };
		846CFB7F1FDB87AB00F97853 /* Pods-34095-frameworks.sh */ = {isa = PBXFileReference; lastKnownFileType = text.script.sh; path = "Pods-34095-frameworks.sh"; sourceTree = "<group>"; };
		846CFB801FDB87AB00F97853 /* Pods-34095-resources.sh */ = {isa = PBXFileReference; lastKnownFileType = text.script.sh; path = "Pods-34095-resources.sh"; sourceTree = "<group>"; };
		846CFB811FDB87AB00F97853 /* Pods-34095-umbrella.h */ = {isa = PBXFileReference; lastKnownFileType = sourcecode.c.h; path = "Pods-34095-umbrella.h"; sourceTree = "<group>"; };
		846CFB821FDB87AB00F97853 /* Pods-34095.debug.xcconfig */ = {isa = PBXFileReference; lastKnownFileType = text.xcconfig; path = "Pods-34095.debug.xcconfig"; sourceTree = "<group>"; };
		846CFB831FDB87AB00F97853 /* Pods-34095.modulemap */ = {isa = PBXFileReference; lastKnownFileType = "sourcecode.module-map"; path = "Pods-34095.modulemap"; sourceTree = "<group>"; };
		846CFB841FDB87AB00F97853 /* Pods-34095.release.xcconfig */ = {isa = PBXFileReference; lastKnownFileType = text.xcconfig; path = "Pods-34095.release.xcconfig"; sourceTree = "<group>"; };
		846CFB8B1FDB897E00F97853 /* Beer.swift */ = {isa = PBXFileReference; fileEncoding = 4; lastKnownFileType = sourcecode.swift; path = Beer.swift; sourceTree = "<group>"; };
		84AAF2551FDB9CEC0069B9B3 /* loader.gif */ = {isa = PBXFileReference; lastKnownFileType = image.gif; path = loader.gif; sourceTree = "<group>"; };
		9F7C1D0248DDDF5C3FE250AC /* Pods-34095.debug.xcconfig */ = {isa = PBXFileReference; includeInIndex = 1; lastKnownFileType = text.xcconfig; name = "Pods-34095.debug.xcconfig"; path = "Pods/Target Support Files/Pods-34095/Pods-34095.debug.xcconfig"; sourceTree = "<group>"; };
		B9C542A0C68956353511B14E /* Pods-34095.release.xcconfig */ = {isa = PBXFileReference; includeInIndex = 1; lastKnownFileType = text.xcconfig; name = "Pods-34095.release.xcconfig"; path = "Pods/Target Support Files/Pods-34095/Pods-34095.release.xcconfig"; sourceTree = "<group>"; };
/* End PBXFileReference section */

/* Begin PBXFrameworksBuildPhase section */
		82595BA61FC906D100AE9824 /* Frameworks */ = {
			isa = PBXFrameworksBuildPhase;
			buildActionMask = 2147483647;
			files = (
				48A7476B44A4A7FBD337FF65 /* Pods_34095.framework in Frameworks */,
			);
			runOnlyForDeploymentPostprocessing = 0;
		};
/* End PBXFrameworksBuildPhase section */

/* Begin PBXGroup section */
		3146763C9C4E109182C85C70 /* Pods */ = {
			isa = PBXGroup;
			children = (
				9F7C1D0248DDDF5C3FE250AC /* Pods-34095.debug.xcconfig */,
				B9C542A0C68956353511B14E /* Pods-34095.release.xcconfig */,
			);
			name = Pods;
			sourceTree = "<group>";
		};
		82595BA01FC906D100AE9824 = {
			isa = PBXGroup;
			children = (
				82595BAB1FC906D100AE9824 /* 34095 */,
				82595BAA1FC906D100AE9824 /* Products */,
				3146763C9C4E109182C85C70 /* Pods */,
				A23B6D0A4755865FDA32629F /* Frameworks */,
			);
			sourceTree = "<group>";
		};
		82595BAA1FC906D100AE9824 /* Products */ = {
			isa = PBXGroup;
			children = (
				82595BA91FC906D100AE9824 /* 34095.app */,
			);
			name = Products;
			sourceTree = "<group>";
		};
		82595BAB1FC906D100AE9824 /* 34095 */ = {
			isa = PBXGroup;
			children = (
				84AAF2551FDB9CEC0069B9B3 /* loader.gif */,
				82595BAC1FC906D100AE9824 /* AppDelegate.swift */,
				82595BB01FC906D100AE9824 /* Main.storyboard */,
				82595BB31FC906D100AE9824 /* Assets.xcassets */,
				82595BB51FC906D100AE9824 /* LaunchScreen.storyboard */,
				82595BB81FC906D100AE9824 /* Info.plist */,
				846CFB8B1FDB897E00F97853 /* Beer.swift */,
				8289E0D91FD78F7400600E77 /* PunkAPI.swift */,
				8289E0DB1FD7923F00600E77 /* BeerViewController.swift */,
				8289E0DF1FD7934500600E77 /* BeerTableViewCell.swift */,
				826691301FD79FF600042522 /* BeersTableViewController.swift */,
			);
			path = 34095;
			sourceTree = "<group>";
		};
		846CFB501FDB87AB00F97853 /* Pods */ = {
			isa = PBXGroup;
			children = (
				846CFB511FDB87AB00F97853 /* Headers */,
				846CFB521FDB87AB00F97853 /* Kingfisher */,
				846CFB6D1FDB87AB00F97853 /* Local Podspecs */,
				846CFB6E1FDB87AB00F97853 /* Manifest.lock */,
				846CFB6F1FDB87AB00F97853 /* Pods.xcodeproj */,
				846CFB721FDB87AB00F97853 /* Target Support Files */,
			);
			path = Pods;
			sourceTree = "<group>";
		};
		846CFB511FDB87AB00F97853 /* Headers */ = {
			isa = PBXGroup;
			children = (
			);
			path = Headers;
			sourceTree = "<group>";
		};
		846CFB521FDB87AB00F97853 /* Kingfisher */ = {
			isa = PBXGroup;
			children = (
				846CFB531FDB87AB00F97853 /* LICENSE */,
				846CFB541FDB87AB00F97853 /* README.md */,
				846CFB551FDB87AB00F97853 /* Sources */,
			);
			path = Kingfisher;
			sourceTree = "<group>";
		};
		846CFB551FDB87AB00F97853 /* Sources */ = {
			isa = PBXGroup;
			children = (
				846CFB561FDB87AB00F97853 /* AnimatedImageView.swift */,
				846CFB571FDB87AB00F97853 /* Box.swift */,
				846CFB581FDB87AB00F97853 /* CacheSerializer.swift */,
				846CFB591FDB87AB00F97853 /* Filter.swift */,
				846CFB5A1FDB87AB00F97853 /* FormatIndicatedCacheSerializer.swift */,
				846CFB5B1FDB87AB00F97853 /* Image.swift */,
				846CFB5C1FDB87AB00F97853 /* ImageCache.swift */,
				846CFB5D1FDB87AB00F97853 /* ImageDownloader.swift */,
				846CFB5E1FDB87AB00F97853 /* ImagePrefetcher.swift */,
				846CFB5F1FDB87AB00F97853 /* ImageProcessor.swift */,
				846CFB601FDB87AB00F97853 /* ImageTransition.swift */,
				846CFB611FDB87AB00F97853 /* ImageView+Kingfisher.swift */,
				846CFB621FDB87AB00F97853 /* Indicator.swift */,
				846CFB631FDB87AB00F97853 /* Kingfisher.h */,
				846CFB641FDB87AB00F97853 /* Kingfisher.swift */,
				846CFB651FDB87AB00F97853 /* KingfisherManager.swift */,
				846CFB661FDB87AB00F97853 /* KingfisherOptionsInfo.swift */,
				846CFB671FDB87AB00F97853 /* Placeholder.swift */,
				846CFB681FDB87AB00F97853 /* RequestModifier.swift */,
				846CFB691FDB87AB00F97853 /* Resource.swift */,
				846CFB6A1FDB87AB00F97853 /* String+MD5.swift */,
				846CFB6B1FDB87AB00F97853 /* ThreadHelper.swift */,
				846CFB6C1FDB87AB00F97853 /* UIButton+Kingfisher.swift */,
			);
			path = Sources;
			sourceTree = "<group>";
		};
		846CFB6D1FDB87AB00F97853 /* Local Podspecs */ = {
			isa = PBXGroup;
			children = (
			);
			path = "Local Podspecs";
			sourceTree = "<group>";
		};
		846CFB701FDB87AB00F97853 /* Products */ = {
			isa = PBXGroup;
			children = (
				846CFB881FDB87AB00F97853 /* Kingfisher.framework */,
				846CFB8A1FDB87AB00F97853 /* Pods_34095.framework */,
				84AAF25A1FDB9CEC0069B9B3 /* SwiftGifOrigin.framework */,
			);
			name = Products;
			sourceTree = "<group>";
		};
		846CFB721FDB87AB00F97853 /* Target Support Files */ = {
			isa = PBXGroup;
			children = (
				846CFB731FDB87AB00F97853 /* Kingfisher */,
				846CFB7A1FDB87AB00F97853 /* Pods-34095 */,
			);
			path = "Target Support Files";
			sourceTree = "<group>";
		};
		846CFB731FDB87AB00F97853 /* Kingfisher */ = {
			isa = PBXGroup;
			children = (
				846CFB741FDB87AB00F97853 /* Info.plist */,
				846CFB751FDB87AB00F97853 /* Kingfisher-dummy.m */,
				846CFB761FDB87AB00F97853 /* Kingfisher-prefix.pch */,
				846CFB771FDB87AB00F97853 /* Kingfisher-umbrella.h */,
				846CFB781FDB87AB00F97853 /* Kingfisher.modulemap */,
				846CFB791FDB87AB00F97853 /* Kingfisher.xcconfig */,
			);
			path = Kingfisher;
			sourceTree = "<group>";
		};
		846CFB7A1FDB87AB00F97853 /* Pods-34095 */ = {
			isa = PBXGroup;
			children = (
				846CFB7B1FDB87AB00F97853 /* Info.plist */,
				846CFB7C1FDB87AB00F97853 /* Pods-34095-acknowledgements.markdown */,
				846CFB7D1FDB87AB00F97853 /* Pods-34095-acknowledgements.plist */,
				846CFB7E1FDB87AB00F97853 /* Pods-34095-dummy.m */,
				846CFB7F1FDB87AB00F97853 /* Pods-34095-frameworks.sh */,
				846CFB801FDB87AB00F97853 /* Pods-34095-resources.sh */,
				846CFB811FDB87AB00F97853 /* Pods-34095-umbrella.h */,
				846CFB821FDB87AB00F97853 /* Pods-34095.debug.xcconfig */,
				846CFB831FDB87AB00F97853 /* Pods-34095.modulemap */,
				846CFB841FDB87AB00F97853 /* Pods-34095.release.xcconfig */,
			);
			path = "Pods-34095";
			sourceTree = "<group>";
		};
		A23B6D0A4755865FDA32629F /* Frameworks */ = {
			isa = PBXGroup;
			children = (
				846CFB501FDB87AB00F97853 /* Pods */,
				2ED5FE59926A6B8418A20D7D /* Pods_34095.framework */,
			);
			name = Frameworks;
			sourceTree = "<group>";
		};
/* End PBXGroup section */

/* Begin PBXNativeTarget section */
		82595BA81FC906D100AE9824 /* 34095 */ = {
			isa = PBXNativeTarget;
			buildConfigurationList = 82595BBB1FC906D100AE9824 /* Build configuration list for PBXNativeTarget "34095" */;
			buildPhases = (
				4D4D6E0789A4EB90F11BBB6C /* [CP] Check Pods Manifest.lock */,
				82595BA51FC906D100AE9824 /* Sources */,
				82595BA61FC906D100AE9824 /* Frameworks */,
				82595BA71FC906D100AE9824 /* Resources */,
				17623BAB96D00FE54AF6A2BA /* [CP] Embed Pods Frameworks */,
				00FA95F682F32F961206D1A9 /* [CP] Copy Pods Resources */,
			);
			buildRules = (
			);
			dependencies = (
			);
			name = 34095;
			productName = 34095;
			productReference = 82595BA91FC906D100AE9824 /* 34095.app */;
			productType = "com.apple.product-type.application";
		};
/* End PBXNativeTarget section */

/* Begin PBXProject section */
		82595BA11FC906D100AE9824 /* Project object */ = {
			isa = PBXProject;
			attributes = {
				LastSwiftUpdateCheck = 0830;
				LastUpgradeCheck = 0830;
				ORGANIZATIONNAME = jose;
				TargetAttributes = {
					82595BA81FC906D100AE9824 = {
						CreatedOnToolsVersion = 8.3.2;
						ProvisioningStyle = Manual;
					};
				};
			};
			buildConfigurationList = 82595BA41FC906D100AE9824 /* Build configuration list for PBXProject "34095" */;
			compatibilityVersion = "Xcode 3.2";
			developmentRegion = English;
			hasScannedForEncodings = 0;
			knownRegions = (
				en,
				Base,
			);
			mainGroup = 82595BA01FC906D100AE9824;
			productRefGroup = 82595BAA1FC906D100AE9824 /* Products */;
			projectDirPath = "";
			projectReferences = (
				{
					ProductGroup = 846CFB701FDB87AB00F97853 /* Products */;
					ProjectRef = 846CFB6F1FDB87AB00F97853 /* Pods.xcodeproj */;
				},
			);
			projectRoot = "";
			targets = (
				82595BA81FC906D100AE9824 /* 34095 */,
			);
		};
/* End PBXProject section */

/* Begin PBXReferenceProxy section */
		846CFB881FDB87AB00F97853 /* Kingfisher.framework */ = {
			isa = PBXReferenceProxy;
			fileType = wrapper.framework;
			path = Kingfisher.framework;
			remoteRef = 846CFB871FDB87AB00F97853 /* PBXContainerItemProxy */;
			sourceTree = BUILT_PRODUCTS_DIR;
		};
		846CFB8A1FDB87AB00F97853 /* Pods_34095.framework */ = {
			isa = PBXReferenceProxy;
			fileType = wrapper.framework;
			path = Pods_34095.framework;
			remoteRef = 846CFB891FDB87AB00F97853 /* PBXContainerItemProxy */;
			sourceTree = BUILT_PRODUCTS_DIR;
		};
		84AAF25A1FDB9CEC0069B9B3 /* SwiftGifOrigin.framework */ = {
			isa = PBXReferenceProxy;
			fileType = wrapper.framework;
			path = SwiftGifOrigin.framework;
			remoteRef = 84AAF2591FDB9CEC0069B9B3 /* PBXContainerItemProxy */;
			sourceTree = BUILT_PRODUCTS_DIR;
		};
/* End PBXReferenceProxy section */

/* Begin PBXResourcesBuildPhase section */
		82595BA71FC906D100AE9824 /* Resources */ = {
			isa = PBXResourcesBuildPhase;
			buildActionMask = 2147483647;
			files = (
				82595BB71FC906D100AE9824 /* LaunchScreen.storyboard in Resources */,
				84AAF25B1FDB9CEC0069B9B3 /* loader.gif in Resources */,
				82595BB41FC906D100AE9824 /* Assets.xcassets in Resources */,
				82595BB21FC906D100AE9824 /* Main.storyboard in Resources */,
			);
			runOnlyForDeploymentPostprocessing = 0;
		};
/* End PBXResourcesBuildPhase section */

/* Begin PBXShellScriptBuildPhase section */
		00FA95F682F32F961206D1A9 /* [CP] Copy Pods Resources */ = {
			isa = PBXShellScriptBuildPhase;
			buildActionMask = 2147483647;
			files = (
			);
			inputPaths = (
			);
			name = "[CP] Copy Pods Resources";
			outputPaths = (
			);
			runOnlyForDeploymentPostprocessing = 0;
			shellPath = /bin/sh;
			shellScript = "\"${SRCROOT}/Pods/Target Support Files/Pods-34095/Pods-34095-resources.sh\"\n";
			showEnvVarsInLog = 0;
		};
		17623BAB96D00FE54AF6A2BA /* [CP] Embed Pods Frameworks */ = {
			isa = PBXShellScriptBuildPhase;
			buildActionMask = 2147483647;
			files = (
			);
			inputPaths = (
				"${SRCROOT}/Pods/Target Support Files/Pods-34095/Pods-34095-frameworks.sh",
				"${BUILT_PRODUCTS_DIR}/Kingfisher/Kingfisher.framework",
				"${BUILT_PRODUCTS_DIR}/SwiftGifOrigin/SwiftGifOrigin.framework",
			);
			name = "[CP] Embed Pods Frameworks";
			outputPaths = (
				"${TARGET_BUILD_DIR}/${FRAMEWORKS_FOLDER_PATH}/Kingfisher.framework",
				"${TARGET_BUILD_DIR}/${FRAMEWORKS_FOLDER_PATH}/SwiftGifOrigin.framework",
			);
			runOnlyForDeploymentPostprocessing = 0;
			shellPath = /bin/sh;
			shellScript = "\"${SRCROOT}/Pods/Target Support Files/Pods-34095/Pods-34095-frameworks.sh\"\n";
			showEnvVarsInLog = 0;
		};
		4D4D6E0789A4EB90F11BBB6C /* [CP] Check Pods Manifest.lock */ = {
			isa = PBXShellScriptBuildPhase;
			buildActionMask = 2147483647;
			files = (
			);
			inputPaths = (
				"${PODS_PODFILE_DIR_PATH}/Podfile.lock",
				"${PODS_ROOT}/Manifest.lock",
			);
			name = "[CP] Check Pods Manifest.lock";
			outputPaths = (
				"$(DERIVED_FILE_DIR)/Pods-34095-checkManifestLockResult.txt",
			);
			runOnlyForDeploymentPostprocessing = 0;
			shellPath = /bin/sh;
			shellScript = "diff \"${PODS_PODFILE_DIR_PATH}/Podfile.lock\" \"${PODS_ROOT}/Manifest.lock\" > /dev/null\nif [ $? != 0 ] ; then\n    # print error to STDERR\n    echo \"error: The sandbox is not in sync with the Podfile.lock. Run 'pod install' or update your CocoaPods installation.\" >&2\n    exit 1\nfi\n# This output is used by Xcode 'outputs' to avoid re-running this script phase.\necho \"SUCCESS\" > \"${SCRIPT_OUTPUT_FILE_0}\"\n";
			showEnvVarsInLog = 0;
		};
/* End PBXShellScriptBuildPhase section */

/* Begin PBXSourcesBuildPhase section */
		82595BA51FC906D100AE9824 /* Sources */ = {
			isa = PBXSourcesBuildPhase;
			buildActionMask = 2147483647;
			files = (
				8289E0DC1FD7923F00600E77 /* BeerViewController.swift in Sources */,
				8289E0E01FD7934500600E77 /* BeerTableViewCell.swift in Sources */,
				8289E0DA1FD78F7400600E77 /* PunkAPI.swift in Sources */,
				826691311FD79FF600042522 /* BeersTableViewController.swift in Sources */,
				846CFB8C1FDB897E00F97853 /* Beer.swift in Sources */,
				82595BAD1FC906D100AE9824 /* AppDelegate.swift in Sources */,
			);
			runOnlyForDeploymentPostprocessing = 0;
		};
/* End PBXSourcesBuildPhase section */

/* Begin PBXVariantGroup section */
		82595BB01FC906D100AE9824 /* Main.storyboard */ = {
			isa = PBXVariantGroup;
			children = (
				82595BB11FC906D100AE9824 /* Base */,
			);
			name = Main.storyboard;
			sourceTree = "<group>";
		};
		82595BB51FC906D100AE9824 /* LaunchScreen.storyboard */ = {
			isa = PBXVariantGroup;
			children = (
				82595BB61FC906D100AE9824 /* Base */,
			);
			name = LaunchScreen.storyboard;
			sourceTree = "<group>";
		};
/* End PBXVariantGroup section */

/* Begin XCBuildConfiguration section */
		82595BB91FC906D100AE9824 /* Debug */ = {
			isa = XCBuildConfiguration;
			buildSettings = {
				ALWAYS_SEARCH_USER_PATHS = NO;
				CLANG_ANALYZER_NONNULL = YES;
				CLANG_ANALYZER_NUMBER_OBJECT_CONVERSION = YES_AGGRESSIVE;
				CLANG_CXX_LANGUAGE_STANDARD = "gnu++0x";
				CLANG_CXX_LIBRARY = "libc++";
				CLANG_ENABLE_MODULES = YES;
				CLANG_ENABLE_OBJC_ARC = YES;
				CLANG_WARN_BOOL_CONVERSION = YES;
				CLANG_WARN_CONSTANT_CONVERSION = YES;
				CLANG_WARN_DIRECT_OBJC_ISA_USAGE = YES_ERROR;
				CLANG_WARN_DOCUMENTATION_COMMENTS = YES;
				CLANG_WARN_EMPTY_BODY = YES;
				CLANG_WARN_ENUM_CONVERSION = YES;
				CLANG_WARN_INFINITE_RECURSION = YES;
				CLANG_WARN_INT_CONVERSION = YES;
				CLANG_WARN_OBJC_ROOT_CLASS = YES_ERROR;
				CLANG_WARN_SUSPICIOUS_MOVE = YES;
				CLANG_WARN_UNREACHABLE_CODE = YES;
				CLANG_WARN__DUPLICATE_METHOD_MATCH = YES;
				"CODE_SIGN_IDENTITY[sdk=iphoneos*]" = "iPhone Developer";
				COPY_PHASE_STRIP = NO;
				DEBUG_INFORMATION_FORMAT = dwarf;
				ENABLE_STRICT_OBJC_MSGSEND = YES;
				ENABLE_TESTABILITY = YES;
				GCC_C_LANGUAGE_STANDARD = gnu99;
				GCC_DYNAMIC_NO_PIC = NO;
				GCC_NO_COMMON_BLOCKS = YES;
				GCC_OPTIMIZATION_LEVEL = 0;
				GCC_PREPROCESSOR_DEFINITIONS = (
					"DEBUG=1",
					"$(inherited)",
				);
				GCC_WARN_64_TO_32_BIT_CONVERSION = YES;
				GCC_WARN_ABOUT_RETURN_TYPE = YES_ERROR;
				GCC_WARN_UNDECLARED_SELECTOR = YES;
				GCC_WARN_UNINITIALIZED_AUTOS = YES_AGGRESSIVE;
				GCC_WARN_UNUSED_FUNCTION = YES;
				GCC_WARN_UNUSED_VARIABLE = YES;
				IPHONEOS_DEPLOYMENT_TARGET = 10.3;
				MTL_ENABLE_DEBUG_INFO = YES;
				ONLY_ACTIVE_ARCH = YES;
				SDKROOT = iphoneos;
				SWIFT_ACTIVE_COMPILATION_CONDITIONS = DEBUG;
				SWIFT_OPTIMIZATION_LEVEL = "-Onone";
			};
			name = Debug;
		};
		82595BBA1FC906D100AE9824 /* Release */ = {
			isa = XCBuildConfiguration;
			buildSettings = {
				ALWAYS_SEARCH_USER_PATHS = NO;
				CLANG_ANALYZER_NONNULL = YES;
				CLANG_ANALYZER_NUMBER_OBJECT_CONVERSION = YES_AGGRESSIVE;
				CLANG_CXX_LANGUAGE_STANDARD = "gnu++0x";
				CLANG_CXX_LIBRARY = "libc++";
				CLANG_ENABLE_MODULES = YES;
				CLANG_ENABLE_OBJC_ARC = YES;
				CLANG_WARN_BOOL_CONVERSION = YES;
				CLANG_WARN_CONSTANT_CONVERSION = YES;
				CLANG_WARN_DIRECT_OBJC_ISA_USAGE = YES_ERROR;
				CLANG_WARN_DOCUMENTATION_COMMENTS = YES;
				CLANG_WARN_EMPTY_BODY = YES;
				CLANG_WARN_ENUM_CONVERSION = YES;
				CLANG_WARN_INFINITE_RECURSION = YES;
				CLANG_WARN_INT_CONVERSION = YES;
				CLANG_WARN_OBJC_ROOT_CLASS = YES_ERROR;
				CLANG_WARN_SUSPICIOUS_MOVE = YES;
				CLANG_WARN_UNREACHABLE_CODE = YES;
				CLANG_WARN__DUPLICATE_METHOD_MATCH = YES;
				"CODE_SIGN_IDENTITY[sdk=iphoneos*]" = "iPhone Developer";
				COPY_PHASE_STRIP = NO;
				DEBUG_INFORMATION_FORMAT = "dwarf-with-dsym";
				ENABLE_NS_ASSERTIONS = NO;
				ENABLE_STRICT_OBJC_MSGSEND = YES;
				GCC_C_LANGUAGE_STANDARD = gnu99;
				GCC_NO_COMMON_BLOCKS = YES;
				GCC_WARN_64_TO_32_BIT_CONVERSION = YES;
				GCC_WARN_ABOUT_RETURN_TYPE = YES_ERROR;
				GCC_WARN_UNDECLARED_SELECTOR = YES;
				GCC_WARN_UNINITIALIZED_AUTOS = YES_AGGRESSIVE;
				GCC_WARN_UNUSED_FUNCTION = YES;
				GCC_WARN_UNUSED_VARIABLE = YES;
				IPHONEOS_DEPLOYMENT_TARGET = 10.3;
				MTL_ENABLE_DEBUG_INFO = NO;
				SDKROOT = iphoneos;
				SWIFT_OPTIMIZATION_LEVEL = "-Owholemodule";
				VALIDATE_PRODUCT = YES;
			};
			name = Release;
		};
		82595BBC1FC906D100AE9824 /* Debug */ = {
			isa = XCBuildConfiguration;
			baseConfigurationReference = 9F7C1D0248DDDF5C3FE250AC /* Pods-34095.debug.xcconfig */;
			buildSettings = {
				ASSETCATALOG_COMPILER_APPICON_NAME = AppIcon;
				CODE_SIGN_STYLE = Manual;
				DEVELOPMENT_TEAM = "";
				INFOPLIST_FILE = 34095/Info.plist;
				LD_RUNPATH_SEARCH_PATHS = "$(inherited) @executable_path/Frameworks";
				PRODUCT_BUNDLE_IDENTIFIER = "com.essejose.punkbeers.-4095";
				PRODUCT_NAME = "$(TARGET_NAME)";
				PROVISIONING_PROFILE_SPECIFIER = "";
				SWIFT_VERSION = 3.0;
			};
			name = Debug;
		};
		82595BBD1FC906D100AE9824 /* Release */ = {
			isa = XCBuildConfiguration;
			baseConfigurationReference = B9C542A0C68956353511B14E /* Pods-34095.release.xcconfig */;
			buildSettings = {
				ASSETCATALOG_COMPILER_APPICON_NAME = AppIcon;
				CODE_SIGN_STYLE = Manual;
				DEVELOPMENT_TEAM = "";
				INFOPLIST_FILE = 34095/Info.plist;
				LD_RUNPATH_SEARCH_PATHS = "$(inherited) @executable_path/Frameworks";
				PRODUCT_BUNDLE_IDENTIFIER = "com.essejose.punkbeers.-4095";
				PRODUCT_NAME = "$(TARGET_NAME)";
				PROVISIONING_PROFILE_SPECIFIER = "";
				SWIFT_VERSION = 3.0;
			};
			name = Release;
		};
/* End XCBuildConfiguration section */

/* Begin XCConfigurationList section */
		82595BA41FC906D100AE9824 /* Build configuration list for PBXProject "34095" */ = {
			isa = XCConfigurationList;
			buildConfigurations = (
				82595BB91FC906D100AE9824 /* Debug */,
				82595BBA1FC906D100AE9824 /* Release */,
			);
			defaultConfigurationIsVisible = 0;
			defaultConfigurationName = Release;
		};
		82595BBB1FC906D100AE9824 /* Build configuration list for PBXNativeTarget "34095" */ = {
			isa = XCConfigurationList;
			buildConfigurations = (
				82595BBC1FC906D100AE9824 /* Debug */,
				82595BBD1FC906D100AE9824 /* Release */,
			);
			defaultConfigurationIsVisible = 0;
			defaultConfigurationName = Release;
		};
/* End XCConfigurationList section */
	};
	rootObject = 82595BA11FC906D100AE9824 /* Project object */;
}
